
Microsoft Visual Studio Solution File, Format Version 12.00
# Visual Studio 2013
VisualStudioVersion = 12.0.21005.1
MinimumVisualStudioVersion = 10.0.40219.1
Project("{8BC9CEB8-8B4A-11D0-8D11-00A0C91BC942}") = "oop2_2", "oop2_2\oop2_2.vcxproj", "{625F39D7-40C6-449F-9AC5-BFAA4A184DB7}"
EndProject
Project("{8BC9CEB8-8B4A-11D0-8D11-00A0C91BC942}") = "oop2_2Tests", "oop2_2Tests\oop2_2Tests.vcxproj", "{7E114E82-A457-4846-B770-229E2DF16827}"
EndProject
Global
	GlobalSection(SolutionConfigurationPlatforms) = preSolution
		Debug|Win32 = Debug|Win32
		Release|Win32 = Release|Win32
	EndGlobalSection
	GlobalSection(ProjectConfigurationPlatforms) = postSolution
		{625F39D7-40C6-449F-9AC5-BFAA4A184DB7}.Debug|Win32.ActiveCfg = Debug|Win32
		{625F39D7-40C6-449F-9AC5-BFAA4A184DB7}.Debug|Win32.Build.0 = Debug|Win32
		{625F39D7-40C6-449F-9AC5-BFAA4A184DB7}.Release|Win32.ActiveCfg = Release|Win32
		{625F39D7-40C6-449F-9AC5-BFAA4A184DB7}.Release|Win32.Build.0 = Release|Win32
		{7E114E82-A457-4846-B770-229E2DF16827}.Debug|Win32.ActiveCfg = Debug|Win32
		{7E114E82-A457-4846-B770-229E2DF16827}.Debug|Win32.Build.0 = Debug|Win32
		{7E114E82-A457-4846-B770-229E2DF16827}.Release|Win32.ActiveCfg = Release|Win32
		{7E114E82-A457-4846-B770-229E2DF16827}.Release|Win32.Build.0 = Release|Win32
	EndGlobalSection
	GlobalSection(SolutionProperties) = preSolution
		HideSolutionNode = FALSE
	EndGlobalSection
EndGlobal
